Microsoft Visual Studio Solution File, Format Version 12.00
# Visual Studio Version 17
VisualStudioVersion = 17.5.2.0
MinimumVisualStudioVersion = 10.0.40219.1
Project("{FAE04EC0-301F-11D3-BF4B-00C04F79EFBC}") = "SportsBettingTracker", "SportsBettingTracker.csproj", "{3CFB22D6-1D7D-8378-34DD-929FDC0A61A5}"
EndProject
Global
	GlobalSection(SolutionConfigurationPlatforms) = preSolution
		Debug|Any CPU = Debug|Any CPU
		Release|Any CPU = Release|Any CPU
	EndGlobalSection
	GlobalSection(ProjectConfigurationPlatforms) = postSolution
		{3CFB22D6-1D7D-8378-34DD-929FDC0A61A5}.Debug|Any CPU.ActiveCfg = Debug|Any CPU
		{3CFB22D6-1D7D-8378-34DD-929FDC0A61A5}.Debug|Any CPU.Build.0 = Debug|Any CPU
		{3CFB22D6-1D7D-8378-34DD-929FDC0A61A5}.Release|Any CPU.ActiveCfg = Release|Any CPU
		{3CFB22D6-1D7D-8378-34DD-929FDC0A61A5}.Release|Any CPU.Build.0 = Release|Any CPU
	EndGlobalSection
	GlobalSection(SolutionProperties) = preSolution
		HideSolutionNode = FALSE
	EndGlobalSection
	GlobalSection(ExtensibilityGlobals) = postSolution
		SolutionGuid = {ECF86EBD-CCCA-40E5-B4F7-56B68CE3D677}
	EndGlobalSection
EndGlobal
